
Microsoft Visual Studio Solution File, Format Version 12.00
# Visual Studio Version 17
VisualStudioVersion = 17.14.36127.28 d17.14
MinimumVisualStudioVersion = 10.0.40219.1
Project("{FAE04EC0-301F-11D3-BF4B-00C04F79EFBC}") = "Atividade 03", "Atividade 03\Atividade 03.csproj", "{8BDA3D01-522F-4C3D-BD3E-5A9BD7667A45}"
EndProject
Global
	GlobalSection(SolutionConfigurationPlatforms) = preSolution
		Debug|Any CPU = Debug|Any CPU
		Release|Any CPU = Release|Any CPU
	EndGlobalSection
	GlobalSection(ProjectConfigurationPlatforms) = postSolution
		{8BDA3D01-522F-4C3D-BD3E-5A9BD7667A45}.Debug|Any CPU.ActiveCfg = Debug|Any CPU
		{8BDA3D01-522F-4C3D-BD3E-5A9BD7667A45}.Debug|Any CPU.Build.0 = Debug|Any CPU
		{8BDA3D01-522F-4C3D-BD3E-5A9BD7667A45}.Release|Any CPU.ActiveCfg = Release|Any CPU
		{8BDA3D01-522F-4C3D-BD3E-5A9BD7667A45}.Release|Any CPU.Build.0 = Release|Any CPU
	EndGlobalSection
	GlobalSection(SolutionProperties) = preSolution
		HideSolutionNode = FALSE
	EndGlobalSection
	GlobalSection(ExtensibilityGlobals) = postSolution
		SolutionGuid = {33797DC6-D8E3-4FB2-94EB-72FE3527AB5E}
	EndGlobalSection
EndGlobal
